
Microsoft Visual Studio Solution File, Format Version 12.00
Project("{FAE04EC0-301F-11D3-BF4B-00C04F79EFBC}") = "NonCoveringIndexQuery", "NonCoveringIndexQuery\NonCoveringIndexQuery.csproj", "{3492F8C2-F4EB-4E39-A3C9-A24F496FC3A1}"
EndProject
Project("{FAE04EC0-301F-11D3-BF4B-00C04F79EFBC}") = "WhereIn", "WhereIn\WhereIn.csproj", "{E72E501D-3982-4C48-9199-E98ACDF1ECE2}"
EndProject
Global
	GlobalSection(SolutionConfigurationPlatforms) = preSolution
		Debug|Any CPU = Debug|Any CPU
		Release|Any CPU = Release|Any CPU
	EndGlobalSection
	GlobalSection(ProjectConfigurationPlatforms) = postSolution
		{3492F8C2-F4EB-4E39-A3C9-A24F496FC3A1}.Debug|Any CPU.ActiveCfg = Debug|Any CPU
		{3492F8C2-F4EB-4E39-A3C9-A24F496FC3A1}.Debug|Any CPU.Build.0 = Debug|Any CPU
		{3492F8C2-F4EB-4E39-A3C9-A24F496FC3A1}.Release|Any CPU.ActiveCfg = Release|Any CPU
		{3492F8C2-F4EB-4E39-A3C9-A24F496FC3A1}.Release|Any CPU.Build.0 = Release|Any CPU
		{E72E501D-3982-4C48-9199-E98ACDF1ECE2}.Debug|Any CPU.ActiveCfg = Debug|Any CPU
		{E72E501D-3982-4C48-9199-E98ACDF1ECE2}.Debug|Any CPU.Build.0 = Debug|Any CPU
		{E72E501D-3982-4C48-9199-E98ACDF1ECE2}.Release|Any CPU.ActiveCfg = Release|Any CPU
		{E72E501D-3982-4C48-9199-E98ACDF1ECE2}.Release|Any CPU.Build.0 = Release|Any CPU
	EndGlobalSection
EndGlobal
